# This file is automatically @generated by Cargo.
# It is not intended for manual editing.
version = 3

[[package]]
name = "grafite"
version = "0.1.0"
dependencies = [
 "vers-vecs",
]

[[package]]
name = "vers-vecs"
version = "1.4.0"
source = "registry+https://github.com/rust-lang/crates.io-index"
checksum = "a6af446fa368c1383312effc10f2c0b3822462cf1faa0c4007100a5c6cee6e38"
